
Microsoft Visual Studio Solution File, Format Version 12.00
# Visual Studio Version 16
VisualStudioVersion = 16.0.30413.136
MinimumVisualStudioVersion = 10.0.40219.1
Project("{FAE04EC0-301F-11D3-BF4B-00C04F79EFBC}") = "CSharp_ALGORITHM", "CSharp_ALGORITHM\CSharp_ALGORITHM.csproj", "{56EF1A3C-03AE-4356-A1D0-FCFAC5506A04}"
EndProject
Global
	GlobalSection(SolutionConfigurationPlatforms) = preSolution
		Debug|Any CPU = Debug|Any CPU
		Release|Any CPU = Release|Any CPU
	EndGlobalSection
	GlobalSection(ProjectConfigurationPlatforms) = postSolution
		{56EF1A3C-03AE-4356-A1D0-FCFAC5506A04}.Debug|Any CPU.ActiveCfg = Debug|Any CPU
		{56EF1A3C-03AE-4356-A1D0-FCFAC5506A04}.Debug|Any CPU.Build.0 = Debug|Any CPU
		{56EF1A3C-03AE-4356-A1D0-FCFAC5506A04}.Release|Any CPU.ActiveCfg = Release|Any CPU
		{56EF1A3C-03AE-4356-A1D0-FCFAC5506A04}.Release|Any CPU.Build.0 = Release|Any CPU
	EndGlobalSection
	GlobalSection(SolutionProperties) = preSolution
		HideSolutionNode = FALSE
	EndGlobalSection
	GlobalSection(ExtensibilityGlobals) = postSolution
		SolutionGuid = {292AFBEC-E6D6-4B62-BF59-88FA792AFEC4}
	EndGlobalSection
EndGlobal
